
Microsoft Visual Studio Solution File, Format Version 12.00
# Visual Studio 15
VisualStudioVersion = 15.0.27703.2000
MinimumVisualStudioVersion = 10.0.40219.1
Project("{FAE04EC0-301F-11D3-BF4B-00C04F79EFBC}") = "AlexRogoBeltApp", "AlexRogoBeltApp\AlexRogoBeltApp.csproj", "{3C12AF6C-4F16-40CD-849E-5EE0B23AD946}"
EndProject
Project("{FAE04EC0-301F-11D3-BF4B-00C04F79EFBC}") = "YMSDK", "YMSDK\YMSDK.csproj", "{F1839950-8FDF-4FEA-B287-860EBF6DC357}"
EndProject
Project("{FAE04EC0-301F-11D3-BF4B-00C04F79EFBC}") = "SampleApp", "SampleApp\SampleApp.csproj", "{8E9E34C8-1383-4F3B-A67E-78DCEA7A5084}"
EndProject
Global
	GlobalSection(SolutionConfigurationPlatforms) = preSolution
		Debug|Any CPU = Debug|Any CPU
		Release|Any CPU = Release|Any CPU
	EndGlobalSection
	GlobalSection(ProjectConfigurationPlatforms) = postSolution
		{3C12AF6C-4F16-40CD-849E-5EE0B23AD946}.Debug|Any CPU.ActiveCfg = Debug|Any CPU
		{3C12AF6C-4F16-40CD-849E-5EE0B23AD946}.Debug|Any CPU.Build.0 = Debug|Any CPU
		{3C12AF6C-4F16-40CD-849E-5EE0B23AD946}.Release|Any CPU.ActiveCfg = Release|Any CPU
		{3C12AF6C-4F16-40CD-849E-5EE0B23AD946}.Release|Any CPU.Build.0 = Release|Any CPU
		{F1839950-8FDF-4FEA-B287-860EBF6DC357}.Debug|Any CPU.ActiveCfg = Debug|Any CPU
		{F1839950-8FDF-4FEA-B287-860EBF6DC357}.Debug|Any CPU.Build.0 = Debug|Any CPU
		{F1839950-8FDF-4FEA-B287-860EBF6DC357}.Release|Any CPU.ActiveCfg = Release|Any CPU
		{F1839950-8FDF-4FEA-B287-860EBF6DC357}.Release|Any CPU.Build.0 = Release|Any CPU
		{8E9E34C8-1383-4F3B-A67E-78DCEA7A5084}.Debug|Any CPU.ActiveCfg = Debug|Any CPU
		{8E9E34C8-1383-4F3B-A67E-78DCEA7A5084}.Debug|Any CPU.Build.0 = Debug|Any CPU
		{8E9E34C8-1383-4F3B-A67E-78DCEA7A5084}.Release|Any CPU.ActiveCfg = Release|Any CPU
		{8E9E34C8-1383-4F3B-A67E-78DCEA7A5084}.Release|Any CPU.Build.0 = Release|Any CPU
	EndGlobalSection
	GlobalSection(SolutionProperties) = preSolution
		HideSolutionNode = FALSE
	EndGlobalSection
	GlobalSection(ExtensibilityGlobals) = postSolution
		SolutionGuid = {1711F839-B081-42C3-A8B6-D875A4254D15}
	EndGlobalSection
EndGlobal
